// !$*UTF8*$!
{
	archiveVersion = 1;
	classes = {
	};
	objectVersion = 50;
	objects = {

/* Begin PBXBuildFile section */
		C0BA4FE12303740A0023209C /* AppDelegate.swift in Sources */ = {isa = PBXBuildFile; fileRef = C0BA4FE02303740A0023209C /* AppDelegate.swift */; };
		C0BA4FE32303740A0023209C /* SceneDelegate.swift in Sources */ = {isa = PBXBuildFile; fileRef = C0BA4FE22303740A0023209C /* SceneDelegate.swift */; };
		C0BA4FE52303740A0023209C /* ContentView.swift in Sources */ = {isa = PBXBuildFile; fileRef = C0BA4FE42303740A0023209C /* ContentView.swift */; };
		C0BA4FE72303740C0023209C /* Assets.xcassets in Resources */ = {isa = PBXBuildFile; fileRef = C0BA4FE62303740C0023209C /* Assets.xcassets */; };
		C0BA4FEA2303740C0023209C /* Preview Assets.xcassets in Resources */ = {isa = PBXBuildFile; fileRef = C0BA4FE92303740C0023209C /* Preview Assets.xcassets */; };
		C0BA4FED2303740C0023209C /* LaunchScreen.storyboard in Resources */ = {isa = PBXBuildFile; fileRef = C0BA4FEB2303740C0023209C /* LaunchScreen.storyboard */; };
/* End PBXBuildFile section */

/* Begin PBXFileReference section */
		C0BA4FDD2303740A0023209C /* RouterPrototype.app */ = {isa = PBXFileReference; explicitFileType = wrapper.application; includeInIndex = 0; path = RouterPrototype.app; sourceTree = BUILT_PRODUCTS_DIR; };
		C0BA4FE02303740A0023209C /* AppDelegate.swift */ = {isa = PBXFileReference; lastKnownFileType = sourcecode.swift; path = AppDelegate.swift; sourceTree = "<group>"; };
		C0BA4FE22303740A0023209C /* SceneDelegate.swift */ = {isa = PBXFileReference; lastKnownFileType = sourcecode.swift; path = SceneDelegate.swift; sourceTree = "<group>"; };
		C0BA4FE42303740A0023209C /* ContentView.swift */ = {isa = PBXFileReference; lastKnownFileType = sourcecode.swift; path = ContentView.swift; sourceTree = "<group>"; };
		C0BA4FE62303740C0023209C /* Assets.xcassets */ = {isa = PBXFileReference; lastKnownFileType = folder.assetcatalog; path = Assets.xcassets; sourceTree = "<group>"; };
		C0BA4FE92303740C0023209C /* Preview Assets.xcassets */ = {isa = PBXFileReference; lastKnownFileType = folder.assetcatalog; path = "Preview Assets.xcassets"; sourceTree = "<group>"; };
		C0BA4FEC2303740C0023209C /* Base */ = {isa = PBXFileReference; lastKnownFileType = file.storyboard; name = Base; path = Base.lproj/LaunchScreen.storyboard; sourceTree = "<group>"; };
		C0BA4FEE2303740C0023209C /* Info.plist */ = {isa = PBXFileReference; lastKnownFileType = text.plist.xml; path = Info.plist; sourceTree = "<group>"; };
/* End PBXFileReference section */

/* Begin PBXFrameworksBuildPhase section */
		C0BA4FDA2303740A0023209C /* Frameworks */ = {
			isa = PBXFrameworksBuildPhase;
			buildActionMask = 2147483647;
			files = (
			);
			runOnlyForDeploymentPostprocessing = 0;
		};
/* End PBXFrameworksBuildPhase section */

/* Begin PBXGroup section */
		C0BA4FD42303740A0023209C = {
			isa = PBXGroup;
			children = (
				C0BA4FDF2303740A0023209C /* RouterPrototype */,
				C0BA4FDE2303740A0023209C /* Products */,
			);
			sourceTree = "<group>";
		};
		C0BA4FDE2303740A0023209C /* Products */ = {
			isa = PBXGroup;
			children = (
				C0BA4FDD2303740A0023209C /* RouterPrototype.app */,
			);
			name = Products;
			sourceTree = "<group>";
		};
		C0BA4FDF2303740A0023209C /* RouterPrototype */ = {
			isa = PBXGroup;
			children = (
				C0BA4FE02303740A0023209C /* AppDelegate.swift */,
				C0BA4FE22303740A0023209C /* SceneDelegate.swift */,
				C0BA4FE42303740A0023209C /* ContentView.swift */,
				C0BA4FE62303740C0023209C /* Assets.xcassets */,
				C0BA4FEB2303740C0023209C /* LaunchScreen.storyboard */,
				C0BA4FEE2303740C0023209C /* Info.plist */,
				C0BA4FE82303740C0023209C /* Preview Content */,
			);
			path = RouterPrototype;
			sourceTree = "<group>";
		};
		C0BA4FE82303740C0023209C /* Preview Content */ = {
			isa = PBXGroup;
			children = (
				C0BA4FE92303740C0023209C /* Preview Assets.xcassets */,
			);
			path = "Preview Content";
			sourceTree = "<group>";
		};
/* End PBXGroup section */

/* Begin PBXNativeTarget section */
		C0BA4FDC2303740A0023209C /* RouterPrototype */ = {
			isa = PBXNativeTarget;
			buildConfigurationList = C0BA4FF12303740C0023209C /* Build configuration list for PBXNativeTarget "RouterPrototype" */;
			buildPhases = (
				C0BA4FD92303740A0023209C /* Sources */,
				C0BA4FDA2303740A0023209C /* Frameworks */,
				C0BA4FDB2303740A0023209C /* Resources */,
			);
			buildRules = (
			);
			dependencies = (
			);
			name = RouterPrototype;
			productName = RouterPrototype;
			productReference = C0BA4FDD2303740A0023209C /* RouterPrototype.app */;
			productType = "com.apple.product-type.application";
		};
/* End PBXNativeTarget section */

/* Begin PBXProject section */
		C0BA4FD52303740A0023209C /* Project object */ = {
			isa = PBXProject;
			attributes = {
				LastSwiftUpdateCheck = 1100;
				LastUpgradeCheck = 1100;
				ORGANIZATIONNAME = "Freek Zijlmans";
				TargetAttributes = {
					C0BA4FDC2303740A0023209C = {
						CreatedOnToolsVersion = 11.0;
					};
				};
			};
			buildConfigurationList = C0BA4FD82303740A0023209C /* Build configuration list for PBXProject "RouterPrototype" */;
			compatibilityVersion = "Xcode 9.3";
			developmentRegion = en;
			hasScannedForEncodings = 0;
			knownRegions = (
				en,
				Base,
			);
			mainGroup = C0BA4FD42303740A0023209C;
			productRefGroup = C0BA4FDE2303740A0023209C /* Products */;
			projectDirPath = "";
			projectRoot = "";
			targets = (
				C0BA4FDC2303740A0023209C /* RouterPrototype */,
			);
		};
/* End PBXProject section */

/* Begin PBXResourcesBuildPhase section */
		C0BA4FDB2303740A0023209C /* Resources */ = {
			isa = PBXResourcesBuildPhase;
			buildActionMask = 2147483647;
			files = (
				C0BA4FED2303740C0023209C /* LaunchScreen.storyboard in Resources */,
				C0BA4FEA2303740C0023209C /* Preview Assets.xcassets in Resources */,
				C0BA4FE72303740C0023209C /* Assets.xcassets in Resources */,
			);
			runOnlyForDeploymentPostprocessing = 0;
		};
/* End PBXResourcesBuildPhase section */

/* Begin PBXSourcesBuildPhase section */
		C0BA4FD92303740A0023209C /* Sources */ = {
			isa = PBXSourcesBuildPhase;
			buildActionMask = 2147483647;
			files = (
				C0BA4FE12303740A0023209C /* AppDelegate.swift in Sources */,
				C0BA4FE32303740A0023209C /* SceneDelegate.swift in Sources */,
				C0BA4FE52303740A0023209C /* ContentView.swift in Sources */,
			);
			runOnlyForDeploymentPostprocessing = 0;
		};
/* End PBXSourcesBuildPhase section */

/* Begin PBXVariantGroup section */
		C0BA4FEB2303740C0023209C /* LaunchScreen.storyboard */ = {
			isa = PBXVariantGroup;
			children = (
				C0BA4FEC2303740C0023209C /* Base */,
			);
			name = LaunchScreen.storyboard;
			sourceTree = "<group>";
		};
/* End PBXVariantGroup section */

/* Begin XCBuildConfiguration section */
		C0BA4FEF2303740C0023209C /* Debug */ = {
			isa = XCBuildConfiguration;
			buildSettings = {
				ALWAYS_SEARCH_USER_PATHS = NO;
				CLANG_ANALYZER_NONNULL = YES;
				CLANG_ANALYZER_NUMBER_OBJECT_CONVERSION = YES_AGGRESSIVE;
				CLANG_CXX_LANGUAGE_STANDARD = "gnu++14";
				CLANG_CXX_LIBRARY = "libc++";
				CLANG_ENABLE_MODULES = YES;
				CLANG_ENABLE_OBJC_ARC = YES;
				CLANG_ENABLE_OBJC_WEAK = YES;
				CLANG_WARN_BLOCK_CAPTURE_AUTORELEASING = YES;
				CLANG_WARN_BOOL_CONVERSION = YES;
				CLANG_WARN_COMMA = YES;
				CLANG_WARN_CONSTANT_CONVERSION = YES;
				CLANG_WARN_DEPRECATED_OBJC_IMPLEMENTATIONS = YES;
				CLANG_WARN_DIRECT_OBJC_ISA_USAGE = YES_ERROR;
				CLANG_WARN_DOCUMENTATION_COMMENTS = YES;
				CLANG_WARN_EMPTY_BODY = YES;
				CLANG_WARN_ENUM_CONVERSION = YES;
				CLANG_WARN_INFINITE_RECURSION = YES;
				CLANG_WARN_INT_CONVERSION = YES;
				CLANG_WARN_NON_LITERAL_NULL_CONVERSION = YES;
				CLANG_WARN_OBJC_IMPLICIT_RETAIN_SELF = YES;
				CLANG_WARN_OBJC_LITERAL_CONVERSION = YES;
				CLANG_WARN_OBJC_ROOT_CLASS = YES_ERROR;
				CLANG_WARN_RANGE_LOOP_ANALYSIS = YES;
				CLANG_WARN_STRICT_PROTOTYPES = YES;
				CLANG_WARN_SUSPICIOUS_MOVE = YES;
				CLANG_WARN_UNGUARDED_AVAILABILITY = YES_AGGRESSIVE;
				CLANG_WARN_UNREACHABLE_CODE = YES;
				CLANG_WARN__DUPLICATE_METHOD_MATCH = YES;
				COPY_PHASE_STRIP = NO;
				DEBUG_INFORMATION_FORMAT = dwarf;
				ENABLE_STRICT_OBJC_MSGSEND = YES;
				ENABLE_TESTABILITY = YES;
				GCC_C_LANGUAGE_STANDARD = gnu11;
				GCC_DYNAMIC_NO_PIC = NO;
				GCC_NO_COMMON_BLOCKS = YES;
				GCC_OPTIMIZATION_LEVEL = 0;
				GCC_PREPROCESSOR_DEFINITIONS = (
					"DEBUG=1",
					"$(inherited)",
				);
				GCC_WARN_64_TO_32_BIT_CONVERSION = YES;
				GCC_WARN_ABOUT_RETURN_TYPE = YES_ERROR;
				GCC_WARN_UNDECLARED_SELECTOR = YES;
				GCC_WARN_UNINITIALIZED_AUTOS = YES_AGGRESSIVE;
				GCC_WARN_UNUSED_FUNCTION = YES;
				GCC_WARN_UNUSED_VARIABLE = YES;
				IPHONEOS_DEPLOYMENT_TARGET = 13.0;
				MTL_ENABLE_DEBUG_INFO = INCLUDE_SOURCE;
				MTL_FAST_MATH = YES;
				ONLY_ACTIVE_ARCH = YES;
				SDKROOT = iphoneos;
				SWIFT_ACTIVE_COMPILATION_CONDITIONS = DEBUG;
				SWIFT_OPTIMIZATION_LEVEL = "-Onone";
			};
			name = Debug;
		};
		C0BA4FF02303740C0023209C /* Release */ = {
			isa = XCBuildConfiguration;
			buildSettings = {
				ALWAYS_SEARCH_USER_PATHS = NO;
				CLANG_ANALYZER_NONNULL = YES;
				CLANG_ANALYZER_NUMBER_OBJECT_CONVERSION = YES_AGGRESSIVE;
				CLANG_CXX_LANGUAGE_STANDARD = "gnu++14";
				CLANG_CXX_LIBRARY = "libc++";
				CLANG_ENABLE_MODULES = YES;
				CLANG_ENABLE_OBJC_ARC = YES;
				CLANG_ENABLE_OBJC_WEAK = YES;
				CLANG_WARN_BLOCK_CAPTURE_AUTORELEASING = YES;
				CLANG_WARN_BOOL_CONVERSION = YES;
				CLANG_WARN_COMMA = YES;
				CLANG_WARN_CONSTANT_CONVERSION = YES;
				CLANG_WARN_DEPRECATED_OBJC_IMPLEMENTATIONS = YES;
				CLANG_WARN_DIRECT_OBJC_ISA_USAGE = YES_ERROR;
				CLANG_WARN_DOCUMENTATION_COMMENTS = YES;
				CLANG_WARN_EMPTY_BODY = YES;
				CLANG_WARN_ENUM_CONVERSION = YES;
				CLANG_WARN_INFINITE_RECURSION = YES;
				CLANG_WARN_INT_CONVERSION = YES;
				CLANG_WARN_NON_LITERAL_NULL_CONVERSION = YES;
				CLANG_WARN_OBJC_IMPLICIT_RETAIN_SELF = YES;
				CLANG_WARN_OBJC_LITERAL_CONVERSION = YES;
				CLANG_WARN_OBJC_ROOT_CLASS = YES_ERROR;
				CLANG_WARN_RANGE_LOOP_ANALYSIS = YES;
				CLANG_WARN_STRICT_PROTOTYPES = YES;
				CLANG_WARN_SUSPICIOUS_MOVE = YES;
				CLANG_WARN_UNGUARDED_AVAILABILITY = YES_AGGRESSIVE;
				CLANG_WARN_UNREACHABLE_CODE = YES;
				CLANG_WARN__DUPLICATE_METHOD_MATCH = YES;
				COPY_PHASE_STRIP = NO;
				DEBUG_INFORMATION_FORMAT = "dwarf-with-dsym";
				ENABLE_NS_ASSERTIONS = NO;
				ENABLE_STRICT_OBJC_MSGSEND = YES;
				GCC_C_LANGUAGE_STANDARD = gnu11;
				GCC_NO_COMMON_BLOCKS = YES;
				GCC_WARN_64_TO_32_BIT_CONVERSION = YES;
				GCC_WARN_ABOUT_RETURN_TYPE = YES_ERROR;
				GCC_WARN_UNDECLARED_SELECTOR = YES;
				GCC_WARN_UNINITIALIZED_AUTOS = YES_AGGRESSIVE;
				GCC_WARN_UNUSED_FUNCTION = YES;
				GCC_WARN_UNUSED_VARIABLE = YES;
				IPHONEOS_DEPLOYMENT_TARGET = 13.0;
				MTL_ENABLE_DEBUG_INFO = NO;
				MTL_FAST_MATH = YES;
				SDKROOT = iphoneos;
				SWIFT_COMPILATION_MODE = wholemodule;
				SWIFT_OPTIMIZATION_LEVEL = "-O";
				VALIDATE_PRODUCT = YES;
			};
			name = Release;
		};
		C0BA4FF22303740C0023209C /* Debug */ = {
			isa = XCBuildConfiguration;
			buildSettings = {
				ASSETCATALOG_COMPILER_APPICON_NAME = AppIcon;
				CODE_SIGN_STYLE = Automatic;
				DEVELOPMENT_ASSET_PATHS = "RouterPrototype/Preview\\ Content";
				ENABLE_PREVIEWS = YES;
				INFOPLIST_FILE = RouterPrototype/Info.plist;
				LD_RUNPATH_SEARCH_PATHS = (
					"$(inherited)",
					"@executable_path/Frameworks",
				);
				PRODUCT_BUNDLE_IDENTIFIER = com.frzi.RouterPrototype;
				PRODUCT_NAME = "$(TARGET_NAME)";
				SWIFT_VERSION = 5.0;
				TARGETED_DEVICE_FAMILY = "1,2";
			};
			name = Debug;
		};
		C0BA4FF32303740C0023209C /* Release */ = {
			isa = XCBuildConfiguration;
			buildSettings = {
				ASSETCATALOG_COMPILER_APPICON_NAME = AppIcon;
				CODE_SIGN_STYLE = Automatic;
				DEVELOPMENT_ASSET_PATHS = "RouterPrototype/Preview\\ Content";
				ENABLE_PREVIEWS = YES;
				INFOPLIST_FILE = RouterPrototype/Info.plist;
				LD_RUNPATH_SEARCH_PATHS = (
					"$(inherited)",
					"@executable_path/Frameworks",
				);
				PRODUCT_BUNDLE_IDENTIFIER = com.frzi.RouterPrototype;
				PRODUCT_NAME = "$(TARGET_NAME)";
				SWIFT_VERSION = 5.0;
				TARGETED_DEVICE_FAMILY = "1,2";
			};
			name = Release;
		};
/* End XCBuildConfiguration section */

/* Begin XCConfigurationList section */
		C0BA4FD82303740A0023209C /* Build configuration list for PBXProject "RouterPrototype" */ = {
			isa = XCConfigurationList;
			buildConfigurations = (
				C0BA4FEF2303740C0023209C /* Debug */,
				C0BA4FF02303740C0023209C /* Release */,
			);
			defaultConfigurationIsVisible = 0;
			defaultConfigurationName = Release;
		};
		C0BA4FF12303740C0023209C /* Build configuration list for PBXNativeTarget "RouterPrototype" */ = {
			isa = XCConfigurationList;
			buildConfigurations = (
				C0BA4FF22303740C0023209C /* Debug */,
				C0BA4FF32303740C0023209C /* Release */,
			);
			defaultConfigurationIsVisible = 0;
			defaultConfigurationName = Release;
		};
/* End XCConfigurationList section */
	};
	rootObject = C0BA4FD52303740A0023209C /* Project object */;
}
