// !$*UTF8*$!
{
	archiveVersion = 1;
	classes = {
	};
	objectVersion = 50;
	objects = {

/* Begin PBXBuildFile section */
		C0227B042351F2F8003FC001 /* ActivityIndicator.swift in Sources */ = {isa = PBXBuildFile; fileRef = C0227B032351F2F8003FC001 /* ActivityIndicator.swift */; };
		C0813CE92310827A00C14056 /* AppDelegate.swift in Sources */ = {isa = PBXBuildFile; fileRef = C0813CE82310827A00C14056 /* AppDelegate.swift */; };
		C0813CEB2310827A00C14056 /* SceneDelegate.swift in Sources */ = {isa = PBXBuildFile; fileRef = C0813CEA2310827A00C14056 /* SceneDelegate.swift */; };
		C0813CED2310827A00C14056 /* RootView.swift in Sources */ = {isa = PBXBuildFile; fileRef = C0813CEC2310827A00C14056 /* RootView.swift */; };
		C0813CEF2310827D00C14056 /* Assets.xcassets in Resources */ = {isa = PBXBuildFile; fileRef = C0813CEE2310827D00C14056 /* Assets.xcassets */; };
		C0813CF22310827D00C14056 /* Preview Assets.xcassets in Resources */ = {isa = PBXBuildFile; fileRef = C0813CF12310827D00C14056 /* Preview Assets.xcassets */; };
		C0813CF52310827D00C14056 /* LaunchScreen.storyboard in Resources */ = {isa = PBXBuildFile; fileRef = C0813CF32310827D00C14056 /* LaunchScreen.storyboard */; };
		C0813D21231082CB00C14056 /* PathMatcher.swift in Sources */ = {isa = PBXBuildFile; fileRef = C0813D1B231082CB00C14056 /* PathMatcher.swift */; };
		C0813D22231082CB00C14056 /* Router.swift in Sources */ = {isa = PBXBuildFile; fileRef = C0813D1C231082CB00C14056 /* Router.swift */; };
		C0813D23231082CB00C14056 /* Switch.swift in Sources */ = {isa = PBXBuildFile; fileRef = C0813D1D231082CB00C14056 /* Switch.swift */; };
		C0813D24231082CB00C14056 /* Route.swift in Sources */ = {isa = PBXBuildFile; fileRef = C0813D1E231082CB00C14056 /* Route.swift */; };
		C0813D25231082CB00C14056 /* Redirect.swift in Sources */ = {isa = PBXBuildFile; fileRef = C0813D1F231082CB00C14056 /* Redirect.swift */; };
		C0813D26231082CB00C14056 /* Link.swift in Sources */ = {isa = PBXBuildFile; fileRef = C0813D20231082CB00C14056 /* Link.swift */; };
		C0813D29231083A600C14056 /* Utils.swift in Sources */ = {isa = PBXBuildFile; fileRef = C0813D28231083A500C14056 /* Utils.swift */; };
		C0813D2B2310853600C14056 /* AddressBar.swift in Sources */ = {isa = PBXBuildFile; fileRef = C0813D2A2310853600C14056 /* AddressBar.swift */; };
		C0813D2D231089EF00C14056 /* RepositoriesList.swift in Sources */ = {isa = PBXBuildFile; fileRef = C0813D2C231089EF00C14056 /* RepositoriesList.swift */; };
		C0813D3023108FBE00C14056 /* Repository.swift in Sources */ = {isa = PBXBuildFile; fileRef = C0813D2F23108FBE00C14056 /* Repository.swift */; };
/* End PBXBuildFile section */

/* Begin PBXFileReference section */
		C0227B032351F2F8003FC001 /* ActivityIndicator.swift */ = {isa = PBXFileReference; lastKnownFileType = sourcecode.swift; path = ActivityIndicator.swift; sourceTree = "<group>"; };
		C0813CE52310827A00C14056 /* RouterExample.app */ = {isa = PBXFileReference; explicitFileType = wrapper.application; includeInIndex = 0; path = RouterExample.app; sourceTree = BUILT_PRODUCTS_DIR; };
		C0813CE82310827A00C14056 /* AppDelegate.swift */ = {isa = PBXFileReference; lastKnownFileType = sourcecode.swift; path = AppDelegate.swift; sourceTree = "<group>"; };
		C0813CEA2310827A00C14056 /* SceneDelegate.swift */ = {isa = PBXFileReference; lastKnownFileType = sourcecode.swift; path = SceneDelegate.swift; sourceTree = "<group>"; };
		C0813CEC2310827A00C14056 /* RootView.swift */ = {isa = PBXFileReference; lastKnownFileType = sourcecode.swift; path = RootView.swift; sourceTree = "<group>"; };
		C0813CEE2310827D00C14056 /* Assets.xcassets */ = {isa = PBXFileReference; lastKnownFileType = folder.assetcatalog; path = Assets.xcassets; sourceTree = "<group>"; };
		C0813CF12310827D00C14056 /* Preview Assets.xcassets */ = {isa = PBXFileReference; lastKnownFileType = folder.assetcatalog; path = "Preview Assets.xcassets"; sourceTree = "<group>"; };
		C0813CF42310827D00C14056 /* Base */ = {isa = PBXFileReference; lastKnownFileType = file.storyboard; name = Base; path = Base.lproj/LaunchScreen.storyboard; sourceTree = "<group>"; };
		C0813CF62310827D00C14056 /* Info.plist */ = {isa = PBXFileReference; lastKnownFileType = text.plist.xml; path = Info.plist; sourceTree = "<group>"; };
		C0813D18231082A700C14056 /* RouterExample.entitlements */ = {isa = PBXFileReference; lastKnownFileType = text.plist.entitlements; path = RouterExample.entitlements; sourceTree = "<group>"; };
		C0813D1B231082CB00C14056 /* PathMatcher.swift */ = {isa = PBXFileReference; fileEncoding = 4; lastKnownFileType = sourcecode.swift; name = PathMatcher.swift; path = ../../Sources/SwiftUIRouter/PathMatcher.swift; sourceTree = "<group>"; };
		C0813D1C231082CB00C14056 /* Router.swift */ = {isa = PBXFileReference; fileEncoding = 4; lastKnownFileType = sourcecode.swift; name = Router.swift; path = ../../Sources/SwiftUIRouter/Router.swift; sourceTree = "<group>"; };
		C0813D1D231082CB00C14056 /* Switch.swift */ = {isa = PBXFileReference; fileEncoding = 4; lastKnownFileType = sourcecode.swift; name = Switch.swift; path = ../../Sources/SwiftUIRouter/Switch.swift; sourceTree = "<group>"; };
		C0813D1E231082CB00C14056 /* Route.swift */ = {isa = PBXFileReference; fileEncoding = 4; lastKnownFileType = sourcecode.swift; name = Route.swift; path = ../../Sources/SwiftUIRouter/Route.swift; sourceTree = "<group>"; };
		C0813D1F231082CB00C14056 /* Redirect.swift */ = {isa = PBXFileReference; fileEncoding = 4; lastKnownFileType = sourcecode.swift; name = Redirect.swift; path = ../../Sources/SwiftUIRouter/Redirect.swift; sourceTree = "<group>"; };
		C0813D20231082CB00C14056 /* Link.swift */ = {isa = PBXFileReference; fileEncoding = 4; lastKnownFileType = sourcecode.swift; name = Link.swift; path = ../../Sources/SwiftUIRouter/Link.swift; sourceTree = "<group>"; };
		C0813D28231083A500C14056 /* Utils.swift */ = {isa = PBXFileReference; lastKnownFileType = sourcecode.swift; path = Utils.swift; sourceTree = "<group>"; };
		C0813D2A2310853600C14056 /* AddressBar.swift */ = {isa = PBXFileReference; lastKnownFileType = sourcecode.swift; path = AddressBar.swift; sourceTree = "<group>"; };
		C0813D2C231089EF00C14056 /* RepositoriesList.swift */ = {isa = PBXFileReference; lastKnownFileType = sourcecode.swift; path = RepositoriesList.swift; sourceTree = "<group>"; };
		C0813D2F23108FBE00C14056 /* Repository.swift */ = {isa = PBXFileReference; lastKnownFileType = sourcecode.swift; path = Repository.swift; sourceTree = "<group>"; };
/* End PBXFileReference section */

/* Begin PBXFrameworksBuildPhase section */
		C0813CE22310827A00C14056 /* Frameworks */ = {
			isa = PBXFrameworksBuildPhase;
			buildActionMask = 2147483647;
			files = (
			);
			runOnlyForDeploymentPostprocessing = 0;
		};
/* End PBXFrameworksBuildPhase section */

/* Begin PBXGroup section */
		C0813CDC2310827A00C14056 = {
			isa = PBXGroup;
			children = (
				C0813CE72310827A00C14056 /* RouterExample */,
				C0813CE62310827A00C14056 /* Products */,
			);
			sourceTree = "<group>";
		};
		C0813CE62310827A00C14056 /* Products */ = {
			isa = PBXGroup;
			children = (
				C0813CE52310827A00C14056 /* RouterExample.app */,
			);
			name = Products;
			sourceTree = "<group>";
		};
		C0813CE72310827A00C14056 /* RouterExample */ = {
			isa = PBXGroup;
			children = (
				C0813D18231082A700C14056 /* RouterExample.entitlements */,
				C0813CE82310827A00C14056 /* AppDelegate.swift */,
				C0813CEA2310827A00C14056 /* SceneDelegate.swift */,
				C0813D2E23108FAE00C14056 /* Models */,
				C0813D1A231082B400C14056 /* Views */,
				C0813D19231082B000C14056 /* Router */,
				C0813D272310838F00C14056 /* Util */,
				C0813CEE2310827D00C14056 /* Assets.xcassets */,
				C0813CF32310827D00C14056 /* LaunchScreen.storyboard */,
				C0813CF62310827D00C14056 /* Info.plist */,
				C0813CF02310827D00C14056 /* Preview Content */,
			);
			path = RouterExample;
			sourceTree = "<group>";
		};
		C0813CF02310827D00C14056 /* Preview Content */ = {
			isa = PBXGroup;
			children = (
				C0813CF12310827D00C14056 /* Preview Assets.xcassets */,
			);
			path = "Preview Content";
			sourceTree = "<group>";
		};
		C0813D19231082B000C14056 /* Router */ = {
			isa = PBXGroup;
			children = (
				C0813D20231082CB00C14056 /* Link.swift */,
				C0813D1B231082CB00C14056 /* PathMatcher.swift */,
				C0813D1F231082CB00C14056 /* Redirect.swift */,
				C0813D1E231082CB00C14056 /* Route.swift */,
				C0813D1C231082CB00C14056 /* Router.swift */,
				C0813D1D231082CB00C14056 /* Switch.swift */,
			);
			name = Router;
			sourceTree = "<group>";
		};
		C0813D1A231082B400C14056 /* Views */ = {
			isa = PBXGroup;
			children = (
				C0227B032351F2F8003FC001 /* ActivityIndicator.swift */,
				C0813D2A2310853600C14056 /* AddressBar.swift */,
				C0813D2C231089EF00C14056 /* RepositoriesList.swift */,
				C0813CEC2310827A00C14056 /* RootView.swift */,
			);
			path = Views;
			sourceTree = "<group>";
		};
		C0813D272310838F00C14056 /* Util */ = {
			isa = PBXGroup;
			children = (
				C0813D28231083A500C14056 /* Utils.swift */,
			);
			path = Util;
			sourceTree = "<group>";
		};
		C0813D2E23108FAE00C14056 /* Models */ = {
			isa = PBXGroup;
			children = (
				C0813D2F23108FBE00C14056 /* Repository.swift */,
			);
			path = Models;
			sourceTree = "<group>";
		};
/* End PBXGroup section */

/* Begin PBXNativeTarget section */
		C0813CE42310827A00C14056 /* RouterExample */ = {
			isa = PBXNativeTarget;
			buildConfigurationList = C0813D0F2310827D00C14056 /* Build configuration list for PBXNativeTarget "RouterExample" */;
			buildPhases = (
				C0813CE12310827A00C14056 /* Sources */,
				C0813CE22310827A00C14056 /* Frameworks */,
				C0813CE32310827A00C14056 /* Resources */,
			);
			buildRules = (
			);
			dependencies = (
			);
			name = RouterExample;
			productName = RouterExample;
			productReference = C0813CE52310827A00C14056 /* RouterExample.app */;
			productType = "com.apple.product-type.application";
		};
/* End PBXNativeTarget section */

/* Begin PBXProject section */
		C0813CDD2310827A00C14056 /* Project object */ = {
			isa = PBXProject;
			attributes = {
				LastSwiftUpdateCheck = 1100;
				LastUpgradeCheck = 1100;
				ORGANIZATIONNAME = "Freek Zijlmans";
				TargetAttributes = {
					C0813CE42310827A00C14056 = {
						CreatedOnToolsVersion = 11.0;
					};
				};
			};
			buildConfigurationList = C0813CE02310827A00C14056 /* Build configuration list for PBXProject "RouterExample" */;
			compatibilityVersion = "Xcode 9.3";
			developmentRegion = en;
			hasScannedForEncodings = 0;
			knownRegions = (
				en,
				Base,
			);
			mainGroup = C0813CDC2310827A00C14056;
			productRefGroup = C0813CE62310827A00C14056 /* Products */;
			projectDirPath = "";
			projectRoot = "";
			targets = (
				C0813CE42310827A00C14056 /* RouterExample */,
			);
		};
/* End PBXProject section */

/* Begin PBXResourcesBuildPhase section */
		C0813CE32310827A00C14056 /* Resources */ = {
			isa = PBXResourcesBuildPhase;
			buildActionMask = 2147483647;
			files = (
				C0813CF52310827D00C14056 /* LaunchScreen.storyboard in Resources */,
				C0813CF22310827D00C14056 /* Preview Assets.xcassets in Resources */,
				C0813CEF2310827D00C14056 /* Assets.xcassets in Resources */,
			);
			runOnlyForDeploymentPostprocessing = 0;
		};
/* End PBXResourcesBuildPhase section */

/* Begin PBXSourcesBuildPhase section */
		C0813CE12310827A00C14056 /* Sources */ = {
			isa = PBXSourcesBuildPhase;
			buildActionMask = 2147483647;
			files = (
				C0813D2B2310853600C14056 /* AddressBar.swift in Sources */,
				C0813CE92310827A00C14056 /* AppDelegate.swift in Sources */,
				C0813D21231082CB00C14056 /* PathMatcher.swift in Sources */,
				C0813D3023108FBE00C14056 /* Repository.swift in Sources */,
				C0227B042351F2F8003FC001 /* ActivityIndicator.swift in Sources */,
				C0813D22231082CB00C14056 /* Router.swift in Sources */,
				C0813D25231082CB00C14056 /* Redirect.swift in Sources */,
				C0813D2D231089EF00C14056 /* RepositoriesList.swift in Sources */,
				C0813D23231082CB00C14056 /* Switch.swift in Sources */,
				C0813D29231083A600C14056 /* Utils.swift in Sources */,
				C0813CEB2310827A00C14056 /* SceneDelegate.swift in Sources */,
				C0813D26231082CB00C14056 /* Link.swift in Sources */,
				C0813D24231082CB00C14056 /* Route.swift in Sources */,
				C0813CED2310827A00C14056 /* RootView.swift in Sources */,
			);
			runOnlyForDeploymentPostprocessing = 0;
		};
/* End PBXSourcesBuildPhase section */

/* Begin PBXVariantGroup section */
		C0813CF32310827D00C14056 /* LaunchScreen.storyboard */ = {
			isa = PBXVariantGroup;
			children = (
				C0813CF42310827D00C14056 /* Base */,
			);
			name = LaunchScreen.storyboard;
			sourceTree = "<group>";
		};
/* End PBXVariantGroup section */

/* Begin XCBuildConfiguration section */
		C0813D0D2310827D00C14056 /* Debug */ = {
			isa = XCBuildConfiguration;
			buildSettings = {
				ALWAYS_SEARCH_USER_PATHS = NO;
				CLANG_ANALYZER_NONNULL = YES;
				CLANG_ANALYZER_NUMBER_OBJECT_CONVERSION = YES_AGGRESSIVE;
				CLANG_CXX_LANGUAGE_STANDARD = "gnu++14";
				CLANG_CXX_LIBRARY = "libc++";
				CLANG_ENABLE_MODULES = YES;
				CLANG_ENABLE_OBJC_ARC = YES;
				CLANG_ENABLE_OBJC_WEAK = YES;
				CLANG_WARN_BLOCK_CAPTURE_AUTORELEASING = YES;
				CLANG_WARN_BOOL_CONVERSION = YES;
				CLANG_WARN_COMMA = YES;
				CLANG_WARN_CONSTANT_CONVERSION = YES;
				CLANG_WARN_DEPRECATED_OBJC_IMPLEMENTATIONS = YES;
				CLANG_WARN_DIRECT_OBJC_ISA_USAGE = YES_ERROR;
				CLANG_WARN_DOCUMENTATION_COMMENTS = YES;
				CLANG_WARN_EMPTY_BODY = YES;
				CLANG_WARN_ENUM_CONVERSION = YES;
				CLANG_WARN_INFINITE_RECURSION = YES;
				CLANG_WARN_INT_CONVERSION = YES;
				CLANG_WARN_NON_LITERAL_NULL_CONVERSION = YES;
				CLANG_WARN_OBJC_IMPLICIT_RETAIN_SELF = YES;
				CLANG_WARN_OBJC_LITERAL_CONVERSION = YES;
				CLANG_WARN_OBJC_ROOT_CLASS = YES_ERROR;
				CLANG_WARN_RANGE_LOOP_ANALYSIS = YES;
				CLANG_WARN_STRICT_PROTOTYPES = YES;
				CLANG_WARN_SUSPICIOUS_MOVE = YES;
				CLANG_WARN_UNGUARDED_AVAILABILITY = YES_AGGRESSIVE;
				CLANG_WARN_UNREACHABLE_CODE = YES;
				CLANG_WARN__DUPLICATE_METHOD_MATCH = YES;
				COPY_PHASE_STRIP = NO;
				DEBUG_INFORMATION_FORMAT = dwarf;
				ENABLE_STRICT_OBJC_MSGSEND = YES;
				ENABLE_TESTABILITY = YES;
				GCC_C_LANGUAGE_STANDARD = gnu11;
				GCC_DYNAMIC_NO_PIC = NO;
				GCC_NO_COMMON_BLOCKS = YES;
				GCC_OPTIMIZATION_LEVEL = 0;
				GCC_PREPROCESSOR_DEFINITIONS = (
					"DEBUG=1",
					"$(inherited)",
				);
				GCC_WARN_64_TO_32_BIT_CONVERSION = YES;
				GCC_WARN_ABOUT_RETURN_TYPE = YES_ERROR;
				GCC_WARN_UNDECLARED_SELECTOR = YES;
				GCC_WARN_UNINITIALIZED_AUTOS = YES_AGGRESSIVE;
				GCC_WARN_UNUSED_FUNCTION = YES;
				GCC_WARN_UNUSED_VARIABLE = YES;
				IPHONEOS_DEPLOYMENT_TARGET = 13.0;
				MTL_ENABLE_DEBUG_INFO = INCLUDE_SOURCE;
				MTL_FAST_MATH = YES;
				ONLY_ACTIVE_ARCH = YES;
				SDKROOT = iphoneos;
				SWIFT_ACTIVE_COMPILATION_CONDITIONS = DEBUG;
				SWIFT_OPTIMIZATION_LEVEL = "-Onone";
			};
			name = Debug;
		};
		C0813D0E2310827D00C14056 /* Release */ = {
			isa = XCBuildConfiguration;
			buildSettings = {
				ALWAYS_SEARCH_USER_PATHS = NO;
				CLANG_ANALYZER_NONNULL = YES;
				CLANG_ANALYZER_NUMBER_OBJECT_CONVERSION = YES_AGGRESSIVE;
				CLANG_CXX_LANGUAGE_STANDARD = "gnu++14";
				CLANG_CXX_LIBRARY = "libc++";
				CLANG_ENABLE_MODULES = YES;
				CLANG_ENABLE_OBJC_ARC = YES;
				CLANG_ENABLE_OBJC_WEAK = YES;
				CLANG_WARN_BLOCK_CAPTURE_AUTORELEASING = YES;
				CLANG_WARN_BOOL_CONVERSION = YES;
				CLANG_WARN_COMMA = YES;
				CLANG_WARN_CONSTANT_CONVERSION = YES;
				CLANG_WARN_DEPRECATED_OBJC_IMPLEMENTATIONS = YES;
				CLANG_WARN_DIRECT_OBJC_ISA_USAGE = YES_ERROR;
				CLANG_WARN_DOCUMENTATION_COMMENTS = YES;
				CLANG_WARN_EMPTY_BODY = YES;
				CLANG_WARN_ENUM_CONVERSION = YES;
				CLANG_WARN_INFINITE_RECURSION = YES;
				CLANG_WARN_INT_CONVERSION = YES;
				CLANG_WARN_NON_LITERAL_NULL_CONVERSION = YES;
				CLANG_WARN_OBJC_IMPLICIT_RETAIN_SELF = YES;
				CLANG_WARN_OBJC_LITERAL_CONVERSION = YES;
				CLANG_WARN_OBJC_ROOT_CLASS = YES_ERROR;
				CLANG_WARN_RANGE_LOOP_ANALYSIS = YES;
				CLANG_WARN_STRICT_PROTOTYPES = YES;
				CLANG_WARN_SUSPICIOUS_MOVE = YES;
				CLANG_WARN_UNGUARDED_AVAILABILITY = YES_AGGRESSIVE;
				CLANG_WARN_UNREACHABLE_CODE = YES;
				CLANG_WARN__DUPLICATE_METHOD_MATCH = YES;
				COPY_PHASE_STRIP = NO;
				DEBUG_INFORMATION_FORMAT = "dwarf-with-dsym";
				ENABLE_NS_ASSERTIONS = NO;
				ENABLE_STRICT_OBJC_MSGSEND = YES;
				GCC_C_LANGUAGE_STANDARD = gnu11;
				GCC_NO_COMMON_BLOCKS = YES;
				GCC_WARN_64_TO_32_BIT_CONVERSION = YES;
				GCC_WARN_ABOUT_RETURN_TYPE = YES_ERROR;
				GCC_WARN_UNDECLARED_SELECTOR = YES;
				GCC_WARN_UNINITIALIZED_AUTOS = YES_AGGRESSIVE;
				GCC_WARN_UNUSED_FUNCTION = YES;
				GCC_WARN_UNUSED_VARIABLE = YES;
				IPHONEOS_DEPLOYMENT_TARGET = 13.0;
				MTL_ENABLE_DEBUG_INFO = NO;
				MTL_FAST_MATH = YES;
				SDKROOT = iphoneos;
				SWIFT_COMPILATION_MODE = wholemodule;
				SWIFT_OPTIMIZATION_LEVEL = "-O";
				VALIDATE_PRODUCT = YES;
			};
			name = Release;
		};
		C0813D102310827D00C14056 /* Debug */ = {
			isa = XCBuildConfiguration;
			buildSettings = {
				ASSETCATALOG_COMPILER_APPICON_NAME = AppIcon;
				CODE_SIGN_ENTITLEMENTS = RouterExample/RouterExample.entitlements;
				CODE_SIGN_IDENTITY = "Apple Development";
				"CODE_SIGN_IDENTITY[sdk=macosx*]" = "Apple Development";
				CODE_SIGN_STYLE = Automatic;
				DERIVE_MACCATALYST_PRODUCT_BUNDLE_IDENTIFIER = YES;
				DEVELOPMENT_ASSET_PATHS = "\"RouterExample/Preview Content\"";
				DEVELOPMENT_TEAM = QSR4FL5D2K;
				ENABLE_PREVIEWS = YES;
				INFOPLIST_FILE = RouterExample/Info.plist;
				LD_RUNPATH_SEARCH_PATHS = (
					"$(inherited)",
					"@executable_path/Frameworks",
				);
				PRODUCT_BUNDLE_IDENTIFIER = com.frzi.RouterExample;
				PRODUCT_NAME = "$(TARGET_NAME)";
				PROVISIONING_PROFILE_SPECIFIER = "";
				"PROVISIONING_PROFILE_SPECIFIER[sdk=macosx*]" = "";
				SUPPORTS_MACCATALYST = YES;
				SWIFT_VERSION = 5.0;
				TARGETED_DEVICE_FAMILY = "1,2";
			};
			name = Debug;
		};
		C0813D112310827D00C14056 /* Release */ = {
			isa = XCBuildConfiguration;
			buildSettings = {
				ASSETCATALOG_COMPILER_APPICON_NAME = AppIcon;
				CODE_SIGN_ENTITLEMENTS = RouterExample/RouterExample.entitlements;
				CODE_SIGN_IDENTITY = "Apple Development";
				"CODE_SIGN_IDENTITY[sdk=macosx*]" = "Apple Development";
				CODE_SIGN_STYLE = Automatic;
				DERIVE_MACCATALYST_PRODUCT_BUNDLE_IDENTIFIER = YES;
				DEVELOPMENT_ASSET_PATHS = "\"RouterExample/Preview Content\"";
				DEVELOPMENT_TEAM = QSR4FL5D2K;
				ENABLE_PREVIEWS = YES;
				INFOPLIST_FILE = RouterExample/Info.plist;
				LD_RUNPATH_SEARCH_PATHS = (
					"$(inherited)",
					"@executable_path/Frameworks",
				);
				PRODUCT_BUNDLE_IDENTIFIER = com.frzi.RouterExample;
				PRODUCT_NAME = "$(TARGET_NAME)";
				PROVISIONING_PROFILE_SPECIFIER = "";
				"PROVISIONING_PROFILE_SPECIFIER[sdk=macosx*]" = "";
				SUPPORTS_MACCATALYST = YES;
				SWIFT_VERSION = 5.0;
				TARGETED_DEVICE_FAMILY = "1,2";
			};
			name = Release;
		};
/* End XCBuildConfiguration section */

/* Begin XCConfigurationList section */
		C0813CE02310827A00C14056 /* Build configuration list for PBXProject "RouterExample" */ = {
			isa = XCConfigurationList;
			buildConfigurations = (
				C0813D0D2310827D00C14056 /* Debug */,
				C0813D0E2310827D00C14056 /* Release */,
			);
			defaultConfigurationIsVisible = 0;
			defaultConfigurationName = Release;
		};
		C0813D0F2310827D00C14056 /* Build configuration list for PBXNativeTarget "RouterExample" */ = {
			isa = XCConfigurationList;
			buildConfigurations = (
				C0813D102310827D00C14056 /* Debug */,
				C0813D112310827D00C14056 /* Release */,
			);
			defaultConfigurationIsVisible = 0;
			defaultConfigurationName = Release;
		};
/* End XCConfigurationList section */
	};
	rootObject = C0813CDD2310827A00C14056 /* Project object */;
}
